
Microsoft Visual Studio Solution File, Format Version 12.00
# Visual Studio 14
VisualStudioVersion = 14.0.25420.1
MinimumVisualStudioVersion = 10.0.40219.1
Project("{FAE04EC0-301F-11D3-BF4B-00C04F79EFBC}") = "GpwEditor", "UI\GpwEditor.csproj", "{359D96E5-A036-4C7D-8388-99E673F28678}"
EndProject
Project("{FAE04EC0-301F-11D3-BF4B-00C04F79EFBC}") = "Data", "Data\Data.csproj", "{4ADC1BA7-5272-4C17-B057-A702852E30E6}"
EndProject
Project("{FAE04EC0-301F-11D3-BF4B-00C04F79EFBC}") = "Common", "..\Common\Common\Common.csproj", "{AB9E96A9-201F-4B41-96D4-3157B88FA1EE}"
EndProject
Project("{2150E333-8FDC-42A3-9474-1A3956D46DE8}") = "Releases", "Releases", "{D2DF110B-9563-4467-B0C3-7572BFA10D2B}"
	ProjectSection(SolutionItems) = preProject
		Releases\GpwEdit_1_0_0_0.zip = Releases\GpwEdit_1_0_0_0.zip
	EndProjectSection
EndProject
Project("{2150E333-8FDC-42A3-9474-1A3956D46DE8}") = "Executable", "Executable", "{12B1C695-63E8-477A-B219-4B88E532FCAB}"
	ProjectSection(SolutionItems) = preProject
		Releases\Executable\gpwv100c.zip = Releases\Executable\gpwv100c.zip
		Releases\Executable\gpwv101b.zip = Releases\Executable\gpwv101b.zip
		Releases\Executable\gpwv101c.zip = Releases\Executable\gpwv101c.zip
		Releases\Executable\gpwv102b.zip = Releases\Executable\gpwv102b.zip
		Releases\Executable\gpwv103b.zip = Releases\Executable\gpwv103b.zip
		Releases\Executable\gpwv103f.zip = Releases\Executable\gpwv103f.zip
		Releases\Executable\gpwv103f_1086.zip = Releases\Executable\gpwv103f_1086.zip
		Releases\Executable\gpwv103f_rpc.zip = Releases\Executable\gpwv103f_rpc.zip
		Releases\Executable\gpwxp.zip = Releases\Executable\gpwxp.zip
		Releases\Executable\gpwxp2.rar = Releases\Executable\gpwxp2.rar
		Releases\Executable\gpwxp2.txt = Releases\Executable\gpwxp2.txt
		Releases\Executable\gpwxp3.exe = Releases\Executable\gpwxp3.exe
		Releases\Executable\gpwxp3.txt = Releases\Executable\gpwxp3.txt
	EndProjectSection
EndProject
Project("{2150E333-8FDC-42A3-9474-1A3956D46DE8}") = "Idb", "Idb", "{F6F3C8CB-1E01-4C2B-BD4A-7006BA515488}"
	ProjectSection(SolutionItems) = preProject
		Idb\gpw101b.master.idb.py = Idb\gpw101b.master.idb.py
		Idb\GpwIdbDev.zip = Idb\GpwIdbDev.zip
		Idb\GpwIdbMigration.zip = Idb\GpwIdbMigration.zip
		Idb\GpwIdbResearch.zip = Idb\GpwIdbResearch.zip
	EndProjectSection
EndProject
Project("{FAE04EC0-301F-11D3-BF4B-00C04F79EFBC}") = "ConsoleApplication", "ConsoleApplication\ConsoleApplication.csproj", "{2FDA7619-A23C-4490-A2B3-18B3E6AC76A3}"
EndProject
Project("{FAE04EC0-301F-11D3-BF4B-00C04F79EFBC}") = "ConsoleApplication.Tests", "ConsoleApplication.Tests\ConsoleApplication.Tests.csproj", "{71FFA0CB-3308-44A3-A08F-B4620E47103C}"
EndProject
Global
	GlobalSection(SolutionConfigurationPlatforms) = preSolution
		Debug|Any CPU = Debug|Any CPU
		Release|Any CPU = Release|Any CPU
	EndGlobalSection
	GlobalSection(ProjectConfigurationPlatforms) = postSolution
		{359D96E5-A036-4C7D-8388-99E673F28678}.Debug|Any CPU.ActiveCfg = Debug|Any CPU
		{359D96E5-A036-4C7D-8388-99E673F28678}.Debug|Any CPU.Build.0 = Debug|Any CPU
		{359D96E5-A036-4C7D-8388-99E673F28678}.Release|Any CPU.ActiveCfg = Release|Any CPU
		{359D96E5-A036-4C7D-8388-99E673F28678}.Release|Any CPU.Build.0 = Release|Any CPU
		{4ADC1BA7-5272-4C17-B057-A702852E30E6}.Debug|Any CPU.ActiveCfg = Debug|Any CPU
		{4ADC1BA7-5272-4C17-B057-A702852E30E6}.Debug|Any CPU.Build.0 = Debug|Any CPU
		{4ADC1BA7-5272-4C17-B057-A702852E30E6}.Release|Any CPU.ActiveCfg = Release|Any CPU
		{4ADC1BA7-5272-4C17-B057-A702852E30E6}.Release|Any CPU.Build.0 = Release|Any CPU
		{AB9E96A9-201F-4B41-96D4-3157B88FA1EE}.Debug|Any CPU.ActiveCfg = Debug|Any CPU
		{AB9E96A9-201F-4B41-96D4-3157B88FA1EE}.Debug|Any CPU.Build.0 = Debug|Any CPU
		{AB9E96A9-201F-4B41-96D4-3157B88FA1EE}.Release|Any CPU.ActiveCfg = Release|Any CPU
		{AB9E96A9-201F-4B41-96D4-3157B88FA1EE}.Release|Any CPU.Build.0 = Release|Any CPU
		{2FDA7619-A23C-4490-A2B3-18B3E6AC76A3}.Debug|Any CPU.ActiveCfg = Debug|Any CPU
		{2FDA7619-A23C-4490-A2B3-18B3E6AC76A3}.Debug|Any CPU.Build.0 = Debug|Any CPU
		{2FDA7619-A23C-4490-A2B3-18B3E6AC76A3}.Release|Any CPU.ActiveCfg = Release|Any CPU
		{2FDA7619-A23C-4490-A2B3-18B3E6AC76A3}.Release|Any CPU.Build.0 = Release|Any CPU
		{71FFA0CB-3308-44A3-A08F-B4620E47103C}.Debug|Any CPU.ActiveCfg = Debug|Any CPU
		{71FFA0CB-3308-44A3-A08F-B4620E47103C}.Debug|Any CPU.Build.0 = Debug|Any CPU
		{71FFA0CB-3308-44A3-A08F-B4620E47103C}.Release|Any CPU.ActiveCfg = Release|Any CPU
		{71FFA0CB-3308-44A3-A08F-B4620E47103C}.Release|Any CPU.Build.0 = Release|Any CPU
	EndGlobalSection
	GlobalSection(SolutionProperties) = preSolution
		HideSolutionNode = FALSE
	EndGlobalSection
	GlobalSection(NestedProjects) = preSolution
		{12B1C695-63E8-477A-B219-4B88E532FCAB} = {D2DF110B-9563-4467-B0C3-7572BFA10D2B}
	EndGlobalSection
EndGlobal
