
Microsoft Visual Studio Solution File, Format Version 12.00
# Visual Studio 15
VisualStudioVersion = 15.0.27130.2027
MinimumVisualStudioVersion = 10.0.40219.1
Project("{FAE04EC0-301F-11D3-BF4B-00C04F79EFBC}") = "App.BaseGameEditor.Domain", "App.BaseGameEditor.Domain\App.BaseGameEditor.Domain.csproj", "{26383D7C-AAF3-43B9-AD71-FD795387B59F}"
EndProject
Project("{FAE04EC0-301F-11D3-BF4B-00C04F79EFBC}") = "App.BaseGameEditor.Application", "App.BaseGameEditor.Application\App.BaseGameEditor.Application.csproj", "{4538DA14-275A-4711-B4BF-6A4DD806189D}"
EndProject
Project("{FAE04EC0-301F-11D3-BF4B-00C04F79EFBC}") = "App.BaseGameEditor.Infrastructure", "App.BaseGameEditor.Infrastructure\App.BaseGameEditor.Infrastructure.csproj", "{360AB367-9CB7-4FDF-9580-984962F76616}"
EndProject
Project("{FAE04EC0-301F-11D3-BF4B-00C04F79EFBC}") = "App.BaseGameEditor.Data", "App.BaseGameEditor.Data\App.BaseGameEditor.Data.csproj", "{D338AFEF-DC6D-4325-AFF8-CE03B7820C51}"
EndProject
Project("{FAE04EC0-301F-11D3-BF4B-00C04F79EFBC}") = "App.BaseGameEditor.Application.Tests", "App.BaseGameEditor.Application.Tests\App.BaseGameEditor.Application.Tests.csproj", "{DD761D46-60E8-41C6-B6EA-26D4ED858848}"
EndProject
Project("{2150E333-8FDC-42A3-9474-1A3956D46DE8}") = "Tests", "Tests", "{F519C093-53D8-412A-ABE9-9224BDD0984D}"
EndProject
Project("{FAE04EC0-301F-11D3-BF4B-00C04F79EFBC}") = "App.BaseGameEditor.Infrastructure.Tests", "App.BaseGameEditor.Infrastructure.Tests\App.BaseGameEditor.Infrastructure.Tests.csproj", "{58984925-9948-4E14-9A00-E76643E6ED00}"
EndProject
Project("{FAE04EC0-301F-11D3-BF4B-00C04F79EFBC}") = "App.Tests", "App.Tests\App.Tests.csproj", "{6296D78B-194C-400A-90A1-92141FC4A3CA}"
EndProject
Project("{FAE04EC0-301F-11D3-BF4B-00C04F79EFBC}") = "App.Core", "App.Core\App.Core.csproj", "{8F131E69-0FB5-432A-B873-DDC4B2631D49}"
EndProject
Project("{FAE04EC0-301F-11D3-BF4B-00C04F79EFBC}") = "App.DependencyInjection", "App.DependencyInjection\App.DependencyInjection.csproj", "{E154D576-5745-44EF-A5E6-15D13790A36C}"
EndProject
Project("{FAE04EC0-301F-11D3-BF4B-00C04F79EFBC}") = "App.Console", "App.Console\App.Console.csproj", "{5997D727-84D1-4926-8BFE-D918EF6DC071}"
EndProject
Global
	GlobalSection(SolutionConfigurationPlatforms) = preSolution
		Debug|Any CPU = Debug|Any CPU
		Release|Any CPU = Release|Any CPU
	EndGlobalSection
	GlobalSection(ProjectConfigurationPlatforms) = postSolution
		{26383D7C-AAF3-43B9-AD71-FD795387B59F}.Debug|Any CPU.ActiveCfg = Debug|Any CPU
		{26383D7C-AAF3-43B9-AD71-FD795387B59F}.Debug|Any CPU.Build.0 = Debug|Any CPU
		{26383D7C-AAF3-43B9-AD71-FD795387B59F}.Release|Any CPU.ActiveCfg = Release|Any CPU
		{26383D7C-AAF3-43B9-AD71-FD795387B59F}.Release|Any CPU.Build.0 = Release|Any CPU
		{4538DA14-275A-4711-B4BF-6A4DD806189D}.Debug|Any CPU.ActiveCfg = Debug|Any CPU
		{4538DA14-275A-4711-B4BF-6A4DD806189D}.Debug|Any CPU.Build.0 = Debug|Any CPU
		{4538DA14-275A-4711-B4BF-6A4DD806189D}.Release|Any CPU.ActiveCfg = Release|Any CPU
		{4538DA14-275A-4711-B4BF-6A4DD806189D}.Release|Any CPU.Build.0 = Release|Any CPU
		{360AB367-9CB7-4FDF-9580-984962F76616}.Debug|Any CPU.ActiveCfg = Debug|Any CPU
		{360AB367-9CB7-4FDF-9580-984962F76616}.Debug|Any CPU.Build.0 = Debug|Any CPU
		{360AB367-9CB7-4FDF-9580-984962F76616}.Release|Any CPU.ActiveCfg = Release|Any CPU
		{360AB367-9CB7-4FDF-9580-984962F76616}.Release|Any CPU.Build.0 = Release|Any CPU
		{D338AFEF-DC6D-4325-AFF8-CE03B7820C51}.Debug|Any CPU.ActiveCfg = Debug|Any CPU
		{D338AFEF-DC6D-4325-AFF8-CE03B7820C51}.Debug|Any CPU.Build.0 = Debug|Any CPU
		{D338AFEF-DC6D-4325-AFF8-CE03B7820C51}.Release|Any CPU.ActiveCfg = Release|Any CPU
		{D338AFEF-DC6D-4325-AFF8-CE03B7820C51}.Release|Any CPU.Build.0 = Release|Any CPU
		{DD761D46-60E8-41C6-B6EA-26D4ED858848}.Debug|Any CPU.ActiveCfg = Debug|Any CPU
		{DD761D46-60E8-41C6-B6EA-26D4ED858848}.Debug|Any CPU.Build.0 = Debug|Any CPU
		{DD761D46-60E8-41C6-B6EA-26D4ED858848}.Release|Any CPU.ActiveCfg = Release|Any CPU
		{DD761D46-60E8-41C6-B6EA-26D4ED858848}.Release|Any CPU.Build.0 = Release|Any CPU
		{58984925-9948-4E14-9A00-E76643E6ED00}.Debug|Any CPU.ActiveCfg = Debug|Any CPU
		{58984925-9948-4E14-9A00-E76643E6ED00}.Debug|Any CPU.Build.0 = Debug|Any CPU
		{58984925-9948-4E14-9A00-E76643E6ED00}.Release|Any CPU.ActiveCfg = Release|Any CPU
		{58984925-9948-4E14-9A00-E76643E6ED00}.Release|Any CPU.Build.0 = Release|Any CPU
		{6296D78B-194C-400A-90A1-92141FC4A3CA}.Debug|Any CPU.ActiveCfg = Debug|Any CPU
		{6296D78B-194C-400A-90A1-92141FC4A3CA}.Debug|Any CPU.Build.0 = Debug|Any CPU
		{6296D78B-194C-400A-90A1-92141FC4A3CA}.Release|Any CPU.ActiveCfg = Release|Any CPU
		{6296D78B-194C-400A-90A1-92141FC4A3CA}.Release|Any CPU.Build.0 = Release|Any CPU
		{8F131E69-0FB5-432A-B873-DDC4B2631D49}.Debug|Any CPU.ActiveCfg = Debug|Any CPU
		{8F131E69-0FB5-432A-B873-DDC4B2631D49}.Debug|Any CPU.Build.0 = Debug|Any CPU
		{8F131E69-0FB5-432A-B873-DDC4B2631D49}.Release|Any CPU.ActiveCfg = Release|Any CPU
		{8F131E69-0FB5-432A-B873-DDC4B2631D49}.Release|Any CPU.Build.0 = Release|Any CPU
		{E154D576-5745-44EF-A5E6-15D13790A36C}.Debug|Any CPU.ActiveCfg = Debug|Any CPU
		{E154D576-5745-44EF-A5E6-15D13790A36C}.Debug|Any CPU.Build.0 = Debug|Any CPU
		{E154D576-5745-44EF-A5E6-15D13790A36C}.Release|Any CPU.ActiveCfg = Release|Any CPU
		{E154D576-5745-44EF-A5E6-15D13790A36C}.Release|Any CPU.Build.0 = Release|Any CPU
		{5997D727-84D1-4926-8BFE-D918EF6DC071}.Debug|Any CPU.ActiveCfg = Debug|Any CPU
		{5997D727-84D1-4926-8BFE-D918EF6DC071}.Debug|Any CPU.Build.0 = Debug|Any CPU
		{5997D727-84D1-4926-8BFE-D918EF6DC071}.Release|Any CPU.ActiveCfg = Release|Any CPU
		{5997D727-84D1-4926-8BFE-D918EF6DC071}.Release|Any CPU.Build.0 = Release|Any CPU
	EndGlobalSection
	GlobalSection(SolutionProperties) = preSolution
		HideSolutionNode = FALSE
	EndGlobalSection
	GlobalSection(NestedProjects) = preSolution
		{DD761D46-60E8-41C6-B6EA-26D4ED858848} = {F519C093-53D8-412A-ABE9-9224BDD0984D}
		{58984925-9948-4E14-9A00-E76643E6ED00} = {F519C093-53D8-412A-ABE9-9224BDD0984D}
		{6296D78B-194C-400A-90A1-92141FC4A3CA} = {F519C093-53D8-412A-ABE9-9224BDD0984D}
	EndGlobalSection
	GlobalSection(ExtensibilityGlobals) = postSolution
		SolutionGuid = {571F74C1-0602-4E8C-A08F-FDBB5B7BD2E7}
	EndGlobalSection
EndGlobal
