
Microsoft Visual Studio Solution File, Format Version 12.00
# Visual Studio 14
VisualStudioVersion = 14.0.25420.1
MinimumVisualStudioVersion = 10.0.40219.1
Project("{FAE04EC0-301F-11D3-BF4B-00C04F79EFBC}") = "GpwEditor", "UI\GpwEditor.csproj", "{359D96E5-A036-4C7D-8388-99E673F28678}"
EndProject
Project("{FAE04EC0-301F-11D3-BF4B-00C04F79EFBC}") = "Data", "Data\Data.csproj", "{4ADC1BA7-5272-4C17-B057-A702852E30E6}"
EndProject
Project("{FAE04EC0-301F-11D3-BF4B-00C04F79EFBC}") = "Common", "..\Common\Common\Common.csproj", "{AB9E96A9-201F-4B41-96D4-3157B88FA1EE}"
EndProject
Project("{2150E333-8FDC-42A3-9474-1A3956D46DE8}") = "Releases", "Releases", "{D2DF110B-9563-4467-B0C3-7572BFA10D2B}"
	ProjectSection(SolutionItems) = preProject
		Releases\GpwEdit_1_0_0_0.zip = Releases\GpwEdit_1_0_0_0.zip
	EndProjectSection
EndProject
Project("{2150E333-8FDC-42A3-9474-1A3956D46DE8}") = "Executable", "Executable", "{12B1C695-63E8-477A-B219-4B88E532FCAB}"
	ProjectSection(SolutionItems) = preProject
		Releases\Executable\gpwv100c.zip = Releases\Executable\gpwv100c.zip
		Releases\Executable\gpwv101b.zip = Releases\Executable\gpwv101b.zip
		Releases\Executable\gpwv101c.zip = Releases\Executable\gpwv101c.zip
		Releases\Executable\gpwv102b.zip = Releases\Executable\gpwv102b.zip
		Releases\Executable\gpwv103b.zip = Releases\Executable\gpwv103b.zip
		Releases\Executable\gpwv103f.zip = Releases\Executable\gpwv103f.zip
		Releases\Executable\gpwv103f_1086.zip = Releases\Executable\gpwv103f_1086.zip
		Releases\Executable\gpwv103f_rpc.zip = Releases\Executable\gpwv103f_rpc.zip
		Releases\Executable\gpwxp.zip = Releases\Executable\gpwxp.zip
		Releases\Executable\gpwxp2.rar = Releases\Executable\gpwxp2.rar
		Releases\Executable\gpwxp2.txt = Releases\Executable\gpwxp2.txt
		Releases\Executable\gpwxp3.exe = Releases\Executable\gpwxp3.exe
		Releases\Executable\gpwxp3.txt = Releases\Executable\gpwxp3.txt
	EndProjectSection
EndProject
Project("{2150E333-8FDC-42A3-9474-1A3956D46DE8}") = "Idb", "Idb", "{F6F3C8CB-1E01-4C2B-BD4A-7006BA515488}"
	ProjectSection(SolutionItems) = preProject
		Idb\gpw101b.master.idb.py = Idb\gpw101b.master.idb.py
		Idb\GpwIdbDev.zip = Idb\GpwIdbDev.zip
		Idb\GpwIdbMigration.zip = Idb\GpwIdbMigration.zip
		Idb\GpwIdbResearch.zip = Idb\GpwIdbResearch.zip
	EndProjectSection
EndProject
Project("{FAE04EC0-301F-11D3-BF4B-00C04F79EFBC}") = "GpwEditor.Presentation.Console", "GpwEditor.Presentation.Console\GpwEditor.Presentation.Console.csproj", "{D3DD6E62-F11E-4EDD-9C73-C9E457A96277}"
EndProject
Project("{FAE04EC0-301F-11D3-BF4B-00C04F79EFBC}") = "GpwEditor.Infrastructure", "GpwEditor.Infrastructure\GpwEditor.Infrastructure.csproj", "{4DE92B03-5B29-4D4E-9657-109854CE4DE4}"
EndProject
Project("{FAE04EC0-301F-11D3-BF4B-00C04F79EFBC}") = "GpwEditor.Domain", "GpwEditor.Domain\GpwEditor.Domain.csproj", "{6F5104E8-377B-4E0A-AF55-C4C76A226ACD}"
EndProject
Project("{FAE04EC0-301F-11D3-BF4B-00C04F79EFBC}") = "GpwEditor.Application", "GpwEditor.Application\GpwEditor.Application.csproj", "{E53D32DE-3AE8-4C74-BC88-9B8119D5D116}"
EndProject
Project("{FAE04EC0-301F-11D3-BF4B-00C04F79EFBC}") = "GpwEditor.Infrastructure.Tests", "GpwEditor.Infrastructure.Tests\GpwEditor.Infrastructure.Tests.csproj", "{33F89894-8188-4F87-A4C8-330F241A73A8}"
EndProject
Global
	GlobalSection(SolutionConfigurationPlatforms) = preSolution
		Debug|Any CPU = Debug|Any CPU
		Debug|ARM = Debug|ARM
		Debug|x64 = Debug|x64
		Debug|x86 = Debug|x86
		Release|Any CPU = Release|Any CPU
		Release|ARM = Release|ARM
		Release|x64 = Release|x64
		Release|x86 = Release|x86
	EndGlobalSection
	GlobalSection(ProjectConfigurationPlatforms) = postSolution
		{359D96E5-A036-4C7D-8388-99E673F28678}.Debug|Any CPU.ActiveCfg = Debug|Any CPU
		{359D96E5-A036-4C7D-8388-99E673F28678}.Debug|Any CPU.Build.0 = Debug|Any CPU
		{359D96E5-A036-4C7D-8388-99E673F28678}.Debug|ARM.ActiveCfg = Debug|Any CPU
		{359D96E5-A036-4C7D-8388-99E673F28678}.Debug|ARM.Build.0 = Debug|Any CPU
		{359D96E5-A036-4C7D-8388-99E673F28678}.Debug|x64.ActiveCfg = Debug|Any CPU
		{359D96E5-A036-4C7D-8388-99E673F28678}.Debug|x64.Build.0 = Debug|Any CPU
		{359D96E5-A036-4C7D-8388-99E673F28678}.Debug|x86.ActiveCfg = Debug|Any CPU
		{359D96E5-A036-4C7D-8388-99E673F28678}.Debug|x86.Build.0 = Debug|Any CPU
		{359D96E5-A036-4C7D-8388-99E673F28678}.Release|Any CPU.ActiveCfg = Release|Any CPU
		{359D96E5-A036-4C7D-8388-99E673F28678}.Release|Any CPU.Build.0 = Release|Any CPU
		{359D96E5-A036-4C7D-8388-99E673F28678}.Release|ARM.ActiveCfg = Release|Any CPU
		{359D96E5-A036-4C7D-8388-99E673F28678}.Release|ARM.Build.0 = Release|Any CPU
		{359D96E5-A036-4C7D-8388-99E673F28678}.Release|x64.ActiveCfg = Release|Any CPU
		{359D96E5-A036-4C7D-8388-99E673F28678}.Release|x64.Build.0 = Release|Any CPU
		{359D96E5-A036-4C7D-8388-99E673F28678}.Release|x86.ActiveCfg = Release|Any CPU
		{359D96E5-A036-4C7D-8388-99E673F28678}.Release|x86.Build.0 = Release|Any CPU
		{4ADC1BA7-5272-4C17-B057-A702852E30E6}.Debug|Any CPU.ActiveCfg = Debug|Any CPU
		{4ADC1BA7-5272-4C17-B057-A702852E30E6}.Debug|Any CPU.Build.0 = Debug|Any CPU
		{4ADC1BA7-5272-4C17-B057-A702852E30E6}.Debug|ARM.ActiveCfg = Debug|Any CPU
		{4ADC1BA7-5272-4C17-B057-A702852E30E6}.Debug|ARM.Build.0 = Debug|Any CPU
		{4ADC1BA7-5272-4C17-B057-A702852E30E6}.Debug|x64.ActiveCfg = Debug|Any CPU
		{4ADC1BA7-5272-4C17-B057-A702852E30E6}.Debug|x64.Build.0 = Debug|Any CPU
		{4ADC1BA7-5272-4C17-B057-A702852E30E6}.Debug|x86.ActiveCfg = Debug|Any CPU
		{4ADC1BA7-5272-4C17-B057-A702852E30E6}.Debug|x86.Build.0 = Debug|Any CPU
		{4ADC1BA7-5272-4C17-B057-A702852E30E6}.Release|Any CPU.ActiveCfg = Release|Any CPU
		{4ADC1BA7-5272-4C17-B057-A702852E30E6}.Release|Any CPU.Build.0 = Release|Any CPU
		{4ADC1BA7-5272-4C17-B057-A702852E30E6}.Release|ARM.ActiveCfg = Release|Any CPU
		{4ADC1BA7-5272-4C17-B057-A702852E30E6}.Release|ARM.Build.0 = Release|Any CPU
		{4ADC1BA7-5272-4C17-B057-A702852E30E6}.Release|x64.ActiveCfg = Release|Any CPU
		{4ADC1BA7-5272-4C17-B057-A702852E30E6}.Release|x64.Build.0 = Release|Any CPU
		{4ADC1BA7-5272-4C17-B057-A702852E30E6}.Release|x86.ActiveCfg = Release|Any CPU
		{4ADC1BA7-5272-4C17-B057-A702852E30E6}.Release|x86.Build.0 = Release|Any CPU
		{AB9E96A9-201F-4B41-96D4-3157B88FA1EE}.Debug|Any CPU.ActiveCfg = Debug|Any CPU
		{AB9E96A9-201F-4B41-96D4-3157B88FA1EE}.Debug|Any CPU.Build.0 = Debug|Any CPU
		{AB9E96A9-201F-4B41-96D4-3157B88FA1EE}.Debug|ARM.ActiveCfg = Debug|Any CPU
		{AB9E96A9-201F-4B41-96D4-3157B88FA1EE}.Debug|ARM.Build.0 = Debug|Any CPU
		{AB9E96A9-201F-4B41-96D4-3157B88FA1EE}.Debug|x64.ActiveCfg = Debug|Any CPU
		{AB9E96A9-201F-4B41-96D4-3157B88FA1EE}.Debug|x64.Build.0 = Debug|Any CPU
		{AB9E96A9-201F-4B41-96D4-3157B88FA1EE}.Debug|x86.ActiveCfg = Debug|Any CPU
		{AB9E96A9-201F-4B41-96D4-3157B88FA1EE}.Debug|x86.Build.0 = Debug|Any CPU
		{AB9E96A9-201F-4B41-96D4-3157B88FA1EE}.Release|Any CPU.ActiveCfg = Release|Any CPU
		{AB9E96A9-201F-4B41-96D4-3157B88FA1EE}.Release|Any CPU.Build.0 = Release|Any CPU
		{AB9E96A9-201F-4B41-96D4-3157B88FA1EE}.Release|ARM.ActiveCfg = Release|Any CPU
		{AB9E96A9-201F-4B41-96D4-3157B88FA1EE}.Release|ARM.Build.0 = Release|Any CPU
		{AB9E96A9-201F-4B41-96D4-3157B88FA1EE}.Release|x64.ActiveCfg = Release|Any CPU
		{AB9E96A9-201F-4B41-96D4-3157B88FA1EE}.Release|x64.Build.0 = Release|Any CPU
		{AB9E96A9-201F-4B41-96D4-3157B88FA1EE}.Release|x86.ActiveCfg = Release|Any CPU
		{AB9E96A9-201F-4B41-96D4-3157B88FA1EE}.Release|x86.Build.0 = Release|Any CPU
		{D3DD6E62-F11E-4EDD-9C73-C9E457A96277}.Debug|Any CPU.ActiveCfg = Debug|Any CPU
		{D3DD6E62-F11E-4EDD-9C73-C9E457A96277}.Debug|Any CPU.Build.0 = Debug|Any CPU
		{D3DD6E62-F11E-4EDD-9C73-C9E457A96277}.Debug|ARM.ActiveCfg = Debug|Any CPU
		{D3DD6E62-F11E-4EDD-9C73-C9E457A96277}.Debug|ARM.Build.0 = Debug|Any CPU
		{D3DD6E62-F11E-4EDD-9C73-C9E457A96277}.Debug|x64.ActiveCfg = Debug|Any CPU
		{D3DD6E62-F11E-4EDD-9C73-C9E457A96277}.Debug|x64.Build.0 = Debug|Any CPU
		{D3DD6E62-F11E-4EDD-9C73-C9E457A96277}.Debug|x86.ActiveCfg = Debug|Any CPU
		{D3DD6E62-F11E-4EDD-9C73-C9E457A96277}.Debug|x86.Build.0 = Debug|Any CPU
		{D3DD6E62-F11E-4EDD-9C73-C9E457A96277}.Release|Any CPU.ActiveCfg = Release|Any CPU
		{D3DD6E62-F11E-4EDD-9C73-C9E457A96277}.Release|Any CPU.Build.0 = Release|Any CPU
		{D3DD6E62-F11E-4EDD-9C73-C9E457A96277}.Release|ARM.ActiveCfg = Release|Any CPU
		{D3DD6E62-F11E-4EDD-9C73-C9E457A96277}.Release|ARM.Build.0 = Release|Any CPU
		{D3DD6E62-F11E-4EDD-9C73-C9E457A96277}.Release|x64.ActiveCfg = Release|Any CPU
		{D3DD6E62-F11E-4EDD-9C73-C9E457A96277}.Release|x64.Build.0 = Release|Any CPU
		{D3DD6E62-F11E-4EDD-9C73-C9E457A96277}.Release|x86.ActiveCfg = Release|Any CPU
		{D3DD6E62-F11E-4EDD-9C73-C9E457A96277}.Release|x86.Build.0 = Release|Any CPU
		{4DE92B03-5B29-4D4E-9657-109854CE4DE4}.Debug|Any CPU.ActiveCfg = Debug|Any CPU
		{4DE92B03-5B29-4D4E-9657-109854CE4DE4}.Debug|Any CPU.Build.0 = Debug|Any CPU
		{4DE92B03-5B29-4D4E-9657-109854CE4DE4}.Debug|ARM.ActiveCfg = Debug|Any CPU
		{4DE92B03-5B29-4D4E-9657-109854CE4DE4}.Debug|ARM.Build.0 = Debug|Any CPU
		{4DE92B03-5B29-4D4E-9657-109854CE4DE4}.Debug|x64.ActiveCfg = Debug|Any CPU
		{4DE92B03-5B29-4D4E-9657-109854CE4DE4}.Debug|x64.Build.0 = Debug|Any CPU
		{4DE92B03-5B29-4D4E-9657-109854CE4DE4}.Debug|x86.ActiveCfg = Debug|Any CPU
		{4DE92B03-5B29-4D4E-9657-109854CE4DE4}.Debug|x86.Build.0 = Debug|Any CPU
		{4DE92B03-5B29-4D4E-9657-109854CE4DE4}.Release|Any CPU.ActiveCfg = Release|Any CPU
		{4DE92B03-5B29-4D4E-9657-109854CE4DE4}.Release|Any CPU.Build.0 = Release|Any CPU
		{4DE92B03-5B29-4D4E-9657-109854CE4DE4}.Release|ARM.ActiveCfg = Release|Any CPU
		{4DE92B03-5B29-4D4E-9657-109854CE4DE4}.Release|ARM.Build.0 = Release|Any CPU
		{4DE92B03-5B29-4D4E-9657-109854CE4DE4}.Release|x64.ActiveCfg = Release|Any CPU
		{4DE92B03-5B29-4D4E-9657-109854CE4DE4}.Release|x64.Build.0 = Release|Any CPU
		{4DE92B03-5B29-4D4E-9657-109854CE4DE4}.Release|x86.ActiveCfg = Release|Any CPU
		{4DE92B03-5B29-4D4E-9657-109854CE4DE4}.Release|x86.Build.0 = Release|Any CPU
		{6F5104E8-377B-4E0A-AF55-C4C76A226ACD}.Debug|Any CPU.ActiveCfg = Debug|Any CPU
		{6F5104E8-377B-4E0A-AF55-C4C76A226ACD}.Debug|Any CPU.Build.0 = Debug|Any CPU
		{6F5104E8-377B-4E0A-AF55-C4C76A226ACD}.Debug|ARM.ActiveCfg = Debug|Any CPU
		{6F5104E8-377B-4E0A-AF55-C4C76A226ACD}.Debug|ARM.Build.0 = Debug|Any CPU
		{6F5104E8-377B-4E0A-AF55-C4C76A226ACD}.Debug|x64.ActiveCfg = Debug|Any CPU
		{6F5104E8-377B-4E0A-AF55-C4C76A226ACD}.Debug|x64.Build.0 = Debug|Any CPU
		{6F5104E8-377B-4E0A-AF55-C4C76A226ACD}.Debug|x86.ActiveCfg = Debug|Any CPU
		{6F5104E8-377B-4E0A-AF55-C4C76A226ACD}.Debug|x86.Build.0 = Debug|Any CPU
		{6F5104E8-377B-4E0A-AF55-C4C76A226ACD}.Release|Any CPU.ActiveCfg = Release|Any CPU
		{6F5104E8-377B-4E0A-AF55-C4C76A226ACD}.Release|Any CPU.Build.0 = Release|Any CPU
		{6F5104E8-377B-4E0A-AF55-C4C76A226ACD}.Release|ARM.ActiveCfg = Release|Any CPU
		{6F5104E8-377B-4E0A-AF55-C4C76A226ACD}.Release|ARM.Build.0 = Release|Any CPU
		{6F5104E8-377B-4E0A-AF55-C4C76A226ACD}.Release|x64.ActiveCfg = Release|Any CPU
		{6F5104E8-377B-4E0A-AF55-C4C76A226ACD}.Release|x64.Build.0 = Release|Any CPU
		{6F5104E8-377B-4E0A-AF55-C4C76A226ACD}.Release|x86.ActiveCfg = Release|Any CPU
		{6F5104E8-377B-4E0A-AF55-C4C76A226ACD}.Release|x86.Build.0 = Release|Any CPU
		{E53D32DE-3AE8-4C74-BC88-9B8119D5D116}.Debug|Any CPU.ActiveCfg = Debug|Any CPU
		{E53D32DE-3AE8-4C74-BC88-9B8119D5D116}.Debug|Any CPU.Build.0 = Debug|Any CPU
		{E53D32DE-3AE8-4C74-BC88-9B8119D5D116}.Debug|ARM.ActiveCfg = Debug|Any CPU
		{E53D32DE-3AE8-4C74-BC88-9B8119D5D116}.Debug|ARM.Build.0 = Debug|Any CPU
		{E53D32DE-3AE8-4C74-BC88-9B8119D5D116}.Debug|x64.ActiveCfg = Debug|Any CPU
		{E53D32DE-3AE8-4C74-BC88-9B8119D5D116}.Debug|x64.Build.0 = Debug|Any CPU
		{E53D32DE-3AE8-4C74-BC88-9B8119D5D116}.Debug|x86.ActiveCfg = Debug|Any CPU
		{E53D32DE-3AE8-4C74-BC88-9B8119D5D116}.Debug|x86.Build.0 = Debug|Any CPU
		{E53D32DE-3AE8-4C74-BC88-9B8119D5D116}.Release|Any CPU.ActiveCfg = Release|Any CPU
		{E53D32DE-3AE8-4C74-BC88-9B8119D5D116}.Release|Any CPU.Build.0 = Release|Any CPU
		{E53D32DE-3AE8-4C74-BC88-9B8119D5D116}.Release|ARM.ActiveCfg = Release|Any CPU
		{E53D32DE-3AE8-4C74-BC88-9B8119D5D116}.Release|ARM.Build.0 = Release|Any CPU
		{E53D32DE-3AE8-4C74-BC88-9B8119D5D116}.Release|x64.ActiveCfg = Release|Any CPU
		{E53D32DE-3AE8-4C74-BC88-9B8119D5D116}.Release|x64.Build.0 = Release|Any CPU
		{E53D32DE-3AE8-4C74-BC88-9B8119D5D116}.Release|x86.ActiveCfg = Release|Any CPU
		{E53D32DE-3AE8-4C74-BC88-9B8119D5D116}.Release|x86.Build.0 = Release|Any CPU
		{33F89894-8188-4F87-A4C8-330F241A73A8}.Debug|Any CPU.ActiveCfg = Debug|Any CPU
		{33F89894-8188-4F87-A4C8-330F241A73A8}.Debug|Any CPU.Build.0 = Debug|Any CPU
		{33F89894-8188-4F87-A4C8-330F241A73A8}.Debug|ARM.ActiveCfg = Debug|Any CPU
		{33F89894-8188-4F87-A4C8-330F241A73A8}.Debug|ARM.Build.0 = Debug|Any CPU
		{33F89894-8188-4F87-A4C8-330F241A73A8}.Debug|x64.ActiveCfg = Debug|Any CPU
		{33F89894-8188-4F87-A4C8-330F241A73A8}.Debug|x64.Build.0 = Debug|Any CPU
		{33F89894-8188-4F87-A4C8-330F241A73A8}.Debug|x86.ActiveCfg = Debug|Any CPU
		{33F89894-8188-4F87-A4C8-330F241A73A8}.Debug|x86.Build.0 = Debug|Any CPU
		{33F89894-8188-4F87-A4C8-330F241A73A8}.Release|Any CPU.ActiveCfg = Release|Any CPU
		{33F89894-8188-4F87-A4C8-330F241A73A8}.Release|Any CPU.Build.0 = Release|Any CPU
		{33F89894-8188-4F87-A4C8-330F241A73A8}.Release|ARM.ActiveCfg = Release|Any CPU
		{33F89894-8188-4F87-A4C8-330F241A73A8}.Release|ARM.Build.0 = Release|Any CPU
		{33F89894-8188-4F87-A4C8-330F241A73A8}.Release|x64.ActiveCfg = Release|Any CPU
		{33F89894-8188-4F87-A4C8-330F241A73A8}.Release|x64.Build.0 = Release|Any CPU
		{33F89894-8188-4F87-A4C8-330F241A73A8}.Release|x86.ActiveCfg = Release|Any CPU
		{33F89894-8188-4F87-A4C8-330F241A73A8}.Release|x86.Build.0 = Release|Any CPU
	EndGlobalSection
	GlobalSection(SolutionProperties) = preSolution
		HideSolutionNode = FALSE
	EndGlobalSection
	GlobalSection(NestedProjects) = preSolution
		{12B1C695-63E8-477A-B219-4B88E532FCAB} = {D2DF110B-9563-4467-B0C3-7572BFA10D2B}
	EndGlobalSection
EndGlobal
